
Microsoft Visual Studio Solution File, Format Version 12.00
# Visual Studio Version 17
VisualStudioVersion = 17.2.32516.85
MinimumVisualStudioVersion = 10.0.40219.1
Project("{FAE04EC0-301F-11D3-BF4B-00C04F79EFBC}") = "UserService", "UserService\UserService.csproj", "{FBFD6F4A-14AC-4EE3-820B-B22402E40D08}"
EndProject
Project("{FAE04EC0-301F-11D3-BF4B-00C04F79EFBC}") = "UserService.Tests", "UserService.Tests\UserService.Tests.csproj", "{4C026AE7-83C0-4F47-8255-FBAD74E9549F}"
EndProject
Global
	GlobalSection(SolutionConfigurationPlatforms) = preSolution
		Debug|Any CPU = Debug|Any CPU
		Release|Any CPU = Release|Any CPU
	EndGlobalSection
	GlobalSection(ProjectConfigurationPlatforms) = postSolution
		{FBFD6F4A-14AC-4EE3-820B-B22402E40D08}.Debug|Any CPU.ActiveCfg = Debug|Any CPU
		{FBFD6F4A-14AC-4EE3-820B-B22402E40D08}.Debug|Any CPU.Build.0 = Debug|Any CPU
		{FBFD6F4A-14AC-4EE3-820B-B22402E40D08}.Release|Any CPU.ActiveCfg = Release|Any CPU
		{FBFD6F4A-14AC-4EE3-820B-B22402E40D08}.Release|Any CPU.Build.0 = Release|Any CPU
		{4C026AE7-83C0-4F47-8255-FBAD74E9549F}.Debug|Any CPU.ActiveCfg = Debug|Any CPU
		{4C026AE7-83C0-4F47-8255-FBAD74E9549F}.Debug|Any CPU.Build.0 = Debug|Any CPU
		{4C026AE7-83C0-4F47-8255-FBAD74E9549F}.Release|Any CPU.ActiveCfg = Release|Any CPU
		{4C026AE7-83C0-4F47-8255-FBAD74E9549F}.Release|Any CPU.Build.0 = Release|Any CPU
	EndGlobalSection
	GlobalSection(SolutionProperties) = preSolution
		HideSolutionNode = FALSE
	EndGlobalSection
	GlobalSection(ExtensibilityGlobals) = postSolution
		SolutionGuid = {A27C2B36-7193-42DA-BA9D-1B41A3585C5F}
	EndGlobalSection
EndGlobal
